# THIS IS AN AUTOGENERATED FILE. DO NOT EDIT THIS FILE DIRECTLY.
# yarn lockfile v1


to-words-rupiah@^1.0.4:
  version "1.0.4"
  resolved "https://registry.yarnpkg.com/to-words-rupiah/-/to-words-rupiah-1.0.4.tgz#78ff101e51b5556a4db7c95ffcc3ee7f69238154"
  integrity sha512-kP0PVLBdE/pcdzVIgJFzXTJykKZYgcCnkv7Gpo9nEE3ahzQSEt/Zcq1h2aVbPRQ7Xjt6zVHNJL7SnZ80kb+VDw==
